// !$*UTF8*$!
{
	archiveVersion = 1;
	classes = {
	};
	objectVersion = 50;
	objects = {

/* Begin PBXBuildFile section */
		15693A78263073430018C3A9 /* Theme.swift in Sources */ = {isa = PBXBuildFile; fileRef = 15693A77263073430018C3A9 /* Theme.swift */; };
		15C71E09262C8D0F002DA846 /* AppDelegate.swift in Sources */ = {isa = PBXBuildFile; fileRef = 15C71E08262C8D0F002DA846 /* AppDelegate.swift */; };
		15C71E0B262C8D0F002DA846 /* SceneDelegate.swift in Sources */ = {isa = PBXBuildFile; fileRef = 15C71E0A262C8D0F002DA846 /* SceneDelegate.swift */; };
		15C71E0D262C8D0F002DA846 /* ViewController.swift in Sources */ = {isa = PBXBuildFile; fileRef = 15C71E0C262C8D0F002DA846 /* ViewController.swift */; };
		15C71E10262C8D0F002DA846 /* Main.storyboard in Resources */ = {isa = PBXBuildFile; fileRef = 15C71E0E262C8D0F002DA846 /* Main.storyboard */; };
		15C71E12262C8D14002DA846 /* Assets.xcassets in Resources */ = {isa = PBXBuildFile; fileRef = 15C71E11262C8D14002DA846 /* Assets.xcassets */; };
		15C71E15262C8D14002DA846 /* LaunchScreen.storyboard in Resources */ = {isa = PBXBuildFile; fileRef = 15C71E13262C8D14002DA846 /* LaunchScreen.storyboard */; };
		15FAA5E7262CC942006EC334 /* Concentration.swift in Sources */ = {isa = PBXBuildFile; fileRef = 15FAA5E6262CC942006EC334 /* Concentration.swift */; };
		15FAA5EA262CCA81006EC334 /* Card.swift in Sources */ = {isa = PBXBuildFile; fileRef = 15FAA5E9262CCA81006EC334 /* Card.swift */; };
/* End PBXBuildFile section */

/* Begin PBXFileReference section */
		15693A77263073430018C3A9 /* Theme.swift */ = {isa = PBXFileReference; lastKnownFileType = sourcecode.swift; path = Theme.swift; sourceTree = "<group>"; };
		15C71E05262C8D0F002DA846 /* Concentration.app */ = {isa = PBXFileReference; explicitFileType = wrapper.application; includeInIndex = 0; path = Concentration.app; sourceTree = BUILT_PRODUCTS_DIR; };
		15C71E08262C8D0F002DA846 /* AppDelegate.swift */ = {isa = PBXFileReference; lastKnownFileType = sourcecode.swift; path = AppDelegate.swift; sourceTree = "<group>"; };
		15C71E0A262C8D0F002DA846 /* SceneDelegate.swift */ = {isa = PBXFileReference; lastKnownFileType = sourcecode.swift; path = SceneDelegate.swift; sourceTree = "<group>"; };
		15C71E0C262C8D0F002DA846 /* ViewController.swift */ = {isa = PBXFileReference; lastKnownFileType = sourcecode.swift; path = ViewController.swift; sourceTree = "<group>"; };
		15C71E0F262C8D0F002DA846 /* Base */ = {isa = PBXFileReference; lastKnownFileType = file.storyboard; name = Base; path = Base.lproj/Main.storyboard; sourceTree = "<group>"; };
		15C71E11262C8D14002DA846 /* Assets.xcassets */ = {isa = PBXFileReference; lastKnownFileType = folder.assetcatalog; path = Assets.xcassets; sourceTree = "<group>"; };
		15C71E14262C8D14002DA846 /* Base */ = {isa = PBXFileReference; lastKnownFileType = file.storyboard; name = Base; path = Base.lproj/LaunchScreen.storyboard; sourceTree = "<group>"; };
		15C71E16262C8D14002DA846 /* Info.plist */ = {isa = PBXFileReference; lastKnownFileType = text.plist.xml; path = Info.plist; sourceTree = "<group>"; };
		15FAA5E6262CC942006EC334 /* Concentration.swift */ = {isa = PBXFileReference; lastKnownFileType = sourcecode.swift; path = Concentration.swift; sourceTree = "<group>"; };
		15FAA5E9262CCA81006EC334 /* Card.swift */ = {isa = PBXFileReference; lastKnownFileType = sourcecode.swift; path = Card.swift; sourceTree = "<group>"; };
/* End PBXFileReference section */

/* Begin PBXFrameworksBuildPhase section */
		15C71E02262C8D0F002DA846 /* Frameworks */ = {
			isa = PBXFrameworksBuildPhase;
			buildActionMask = 2147483647;
			files = (
			);
			runOnlyForDeploymentPostprocessing = 0;
		};
/* End PBXFrameworksBuildPhase section */

/* Begin PBXGroup section */
		15693A762630731C0018C3A9 /* Model */ = {
			isa = PBXGroup;
			children = (
				15FAA5E6262CC942006EC334 /* Concentration.swift */,
				15FAA5E9262CCA81006EC334 /* Card.swift */,
				15693A77263073430018C3A9 /* Theme.swift */,
			);
			path = Model;
			sourceTree = "<group>";
		};
		15C71DFC262C8D0F002DA846 = {
			isa = PBXGroup;
			children = (
				15C71E07262C8D0F002DA846 /* Concentration */,
				15C71E06262C8D0F002DA846 /* Products */,
			);
			sourceTree = "<group>";
		};
		15C71E06262C8D0F002DA846 /* Products */ = {
			isa = PBXGroup;
			children = (
				15C71E05262C8D0F002DA846 /* Concentration.app */,
			);
			name = Products;
			sourceTree = "<group>";
		};
		15C71E07262C8D0F002DA846 /* Concentration */ = {
			isa = PBXGroup;
			children = (
				15693A762630731C0018C3A9 /* Model */,
				15C71E0E262C8D0F002DA846 /* Main.storyboard */,
				15C71E0C262C8D0F002DA846 /* ViewController.swift */,
				15FAA5E4262CC526006EC334 /* Supporting Files */,
				15C71E16262C8D14002DA846 /* Info.plist */,
			);
			path = Concentration;
			sourceTree = "<group>";
		};
		15FAA5E4262CC526006EC334 /* Supporting Files */ = {
			isa = PBXGroup;
			children = (
				15C71E08262C8D0F002DA846 /* AppDelegate.swift */,
				15C71E0A262C8D0F002DA846 /* SceneDelegate.swift */,
				15C71E11262C8D14002DA846 /* Assets.xcassets */,
				15C71E13262C8D14002DA846 /* LaunchScreen.storyboard */,
			);
			path = "Supporting Files";
			sourceTree = "<group>";
		};
/* End PBXGroup section */

/* Begin PBXNativeTarget section */
		15C71E04262C8D0F002DA846 /* Concentration */ = {
			isa = PBXNativeTarget;
			buildConfigurationList = 15C71E19262C8D14002DA846 /* Build configuration list for PBXNativeTarget "Concentration" */;
			buildPhases = (
				15C71E01262C8D0F002DA846 /* Sources */,
				15C71E02262C8D0F002DA846 /* Frameworks */,
				15C71E03262C8D0F002DA846 /* Resources */,
			);
			buildRules = (
			);
			dependencies = (
			);
			name = Concentration;
			productName = Concentration;
			productReference = 15C71E05262C8D0F002DA846 /* Concentration.app */;
			productType = "com.apple.product-type.application";
		};
/* End PBXNativeTarget section */

/* Begin PBXProject section */
		15C71DFD262C8D0F002DA846 /* Project object */ = {
			isa = PBXProject;
			attributes = {
				LastSwiftUpdateCheck = 1240;
				LastUpgradeCheck = 1240;
				TargetAttributes = {
					15C71E04262C8D0F002DA846 = {
						CreatedOnToolsVersion = 12.4;
					};
				};
			};
			buildConfigurationList = 15C71E00262C8D0F002DA846 /* Build configuration list for PBXProject "Concentration" */;
			compatibilityVersion = "Xcode 9.3";
			developmentRegion = en;
			hasScannedForEncodings = 0;
			knownRegions = (
				en,
				Base,
			);
			mainGroup = 15C71DFC262C8D0F002DA846;
			productRefGroup = 15C71E06262C8D0F002DA846 /* Products */;
			projectDirPath = "";
			projectRoot = "";
			targets = (
				15C71E04262C8D0F002DA846 /* Concentration */,
			);
		};
/* End PBXProject section */

/* Begin PBXResourcesBuildPhase section */
		15C71E03262C8D0F002DA846 /* Resources */ = {
			isa = PBXResourcesBuildPhase;
			buildActionMask = 2147483647;
			files = (
				15C71E15262C8D14002DA846 /* LaunchScreen.storyboard in Resources */,
				15C71E12262C8D14002DA846 /* Assets.xcassets in Resources */,
				15C71E10262C8D0F002DA846 /* Main.storyboard in Resources */,
			);
			runOnlyForDeploymentPostprocessing = 0;
		};
/* End PBXResourcesBuildPhase section */

/* Begin PBXSourcesBuildPhase section */
		15C71E01262C8D0F002DA846 /* Sources */ = {
			isa = PBXSourcesBuildPhase;
			buildActionMask = 2147483647;
			files = (
				15C71E0D262C8D0F002DA846 /* ViewController.swift in Sources */,
				15FAA5E7262CC942006EC334 /* Concentration.swift in Sources */,
				15FAA5EA262CCA81006EC334 /* Card.swift in Sources */,
				15693A78263073430018C3A9 /* Theme.swift in Sources */,
				15C71E09262C8D0F002DA846 /* AppDelegate.swift in Sources */,
				15C71E0B262C8D0F002DA846 /* SceneDelegate.swift in Sources */,
			);
			runOnlyForDeploymentPostprocessing = 0;
		};
/* End PBXSourcesBuildPhase section */

/* Begin PBXVariantGroup section */
		15C71E0E262C8D0F002DA846 /* Main.storyboard */ = {
			isa = PBXVariantGroup;
			children = (
				15C71E0F262C8D0F002DA846 /* Base */,
			);
			name = Main.storyboard;
			sourceTree = "<group>";
		};
		15C71E13262C8D14002DA846 /* LaunchScreen.storyboard */ = {
			isa = PBXVariantGroup;
			children = (
				15C71E14262C8D14002DA846 /* Base */,
			);
			name = LaunchScreen.storyboard;
			sourceTree = "<group>";
		};
/* End PBXVariantGroup section */

/* Begin XCBuildConfiguration section */
		15C71E17262C8D14002DA846 /* Debug */ = {
			isa = XCBuildConfiguration;
			buildSettings = {
				ALWAYS_SEARCH_USER_PATHS = NO;
				CLANG_ANALYZER_NONNULL = YES;
				CLANG_ANALYZER_NUMBER_OBJECT_CONVERSION = YES_AGGRESSIVE;
				CLANG_CXX_LANGUAGE_STANDARD = "gnu++14";
				CLANG_CXX_LIBRARY = "libc++";
				CLANG_ENABLE_MODULES = YES;
				CLANG_ENABLE_OBJC_ARC = YES;
				CLANG_ENABLE_OBJC_WEAK = YES;
				CLANG_WARN_BLOCK_CAPTURE_AUTORELEASING = YES;
				CLANG_WARN_BOOL_CONVERSION = YES;
				CLANG_WARN_COMMA = YES;
				CLANG_WARN_CONSTANT_CONVERSION = YES;
				CLANG_WARN_DEPRECATED_OBJC_IMPLEMENTATIONS = YES;
				CLANG_WARN_DIRECT_OBJC_ISA_USAGE = YES_ERROR;
				CLANG_WARN_DOCUMENTATION_COMMENTS = YES;
				CLANG_WARN_EMPTY_BODY = YES;
				CLANG_WARN_ENUM_CONVERSION = YES;
				CLANG_WARN_INFINITE_RECURSION = YES;
				CLANG_WARN_INT_CONVERSION = YES;
				CLANG_WARN_NON_LITERAL_NULL_CONVERSION = YES;
				CLANG_WARN_OBJC_IMPLICIT_RETAIN_SELF = YES;
				CLANG_WARN_OBJC_LITERAL_CONVERSION = YES;
				CLANG_WARN_OBJC_ROOT_CLASS = YES_ERROR;
				CLANG_WARN_QUOTED_INCLUDE_IN_FRAMEWORK_HEADER = YES;
				CLANG_WARN_RANGE_LOOP_ANALYSIS = YES;
				CLANG_WARN_STRICT_PROTOTYPES = YES;
				CLANG_WARN_SUSPICIOUS_MOVE = YES;
				CLANG_WARN_UNGUARDED_AVAILABILITY = YES_AGGRESSIVE;
				CLANG_WARN_UNREACHABLE_CODE = YES;
				CLANG_WARN__DUPLICATE_METHOD_MATCH = YES;
				COPY_PHASE_STRIP = NO;
				DEBUG_INFORMATION_FORMAT = dwarf;
				ENABLE_STRICT_OBJC_MSGSEND = YES;
				ENABLE_TESTABILITY = YES;
				GCC_C_LANGUAGE_STANDARD = gnu11;
				GCC_DYNAMIC_NO_PIC = NO;
				GCC_NO_COMMON_BLOCKS = YES;
				GCC_OPTIMIZATION_LEVEL = 0;
				GCC_PREPROCESSOR_DEFINITIONS = (
					"DEBUG=1",
					"$(inherited)",
				);
				GCC_WARN_64_TO_32_BIT_CONVERSION = YES;
				GCC_WARN_ABOUT_RETURN_TYPE = YES_ERROR;
				GCC_WARN_UNDECLARED_SELECTOR = YES;
				GCC_WARN_UNINITIALIZED_AUTOS = YES_AGGRESSIVE;
				GCC_WARN_UNUSED_FUNCTION = YES;
				GCC_WARN_UNUSED_VARIABLE = YES;
				IPHONEOS_DEPLOYMENT_TARGET = 14.4;
				MTL_ENABLE_DEBUG_INFO = INCLUDE_SOURCE;
				MTL_FAST_MATH = YES;
				ONLY_ACTIVE_ARCH = YES;
				SDKROOT = iphoneos;
				SWIFT_ACTIVE_COMPILATION_CONDITIONS = DEBUG;
				SWIFT_OPTIMIZATION_LEVEL = "-Onone";
			};
			name = Debug;
		};
		15C71E18262C8D14002DA846 /* Release */ = {
			isa = XCBuildConfiguration;
			buildSettings = {
				ALWAYS_SEARCH_USER_PATHS = NO;
				CLANG_ANALYZER_NONNULL = YES;
				CLANG_ANALYZER_NUMBER_OBJECT_CONVERSION = YES_AGGRESSIVE;
				CLANG_CXX_LANGUAGE_STANDARD = "gnu++14";
				CLANG_CXX_LIBRARY = "libc++";
				CLANG_ENABLE_MODULES = YES;
				CLANG_ENABLE_OBJC_ARC = YES;
				CLANG_ENABLE_OBJC_WEAK = YES;
				CLANG_WARN_BLOCK_CAPTURE_AUTORELEASING = YES;
				CLANG_WARN_BOOL_CONVERSION = YES;
				CLANG_WARN_COMMA = YES;
				CLANG_WARN_CONSTANT_CONVERSION = YES;
				CLANG_WARN_DEPRECATED_OBJC_IMPLEMENTATIONS = YES;
				CLANG_WARN_DIRECT_OBJC_ISA_USAGE = YES_ERROR;
				CLANG_WARN_DOCUMENTATION_COMMENTS = YES;
				CLANG_WARN_EMPTY_BODY = YES;
				CLANG_WARN_ENUM_CONVERSION = YES;
				CLANG_WARN_INFINITE_RECURSION = YES;
				CLANG_WARN_INT_CONVERSION = YES;
				CLANG_WARN_NON_LITERAL_NULL_CONVERSION = YES;
				CLANG_WARN_OBJC_IMPLICIT_RETAIN_SELF = YES;
				CLANG_WARN_OBJC_LITERAL_CONVERSION = YES;
				CLANG_WARN_OBJC_ROOT_CLASS = YES_ERROR;
				CLANG_WARN_QUOTED_INCLUDE_IN_FRAMEWORK_HEADER = YES;
				CLANG_WARN_RANGE_LOOP_ANALYSIS = YES;
				CLANG_WARN_STRICT_PROTOTYPES = YES;
				CLANG_WARN_SUSPICIOUS_MOVE = YES;
				CLANG_WARN_UNGUARDED_AVAILABILITY = YES_AGGRESSIVE;
				CLANG_WARN_UNREACHABLE_CODE = YES;
				CLANG_WARN__DUPLICATE_METHOD_MATCH = YES;
				COPY_PHASE_STRIP = NO;
				DEBUG_INFORMATION_FORMAT = "dwarf-with-dsym";
				ENABLE_NS_ASSERTIONS = NO;
				ENABLE_STRICT_OBJC_MSGSEND = YES;
				GCC_C_LANGUAGE_STANDARD = gnu11;
				GCC_NO_COMMON_BLOCKS = YES;
				GCC_WARN_64_TO_32_BIT_CONVERSION = YES;
				GCC_WARN_ABOUT_RETURN_TYPE = YES_ERROR;
				GCC_WARN_UNDECLARED_SELECTOR = YES;
				GCC_WARN_UNINITIALIZED_AUTOS = YES_AGGRESSIVE;
				GCC_WARN_UNUSED_FUNCTION = YES;
				GCC_WARN_UNUSED_VARIABLE = YES;
				IPHONEOS_DEPLOYMENT_TARGET = 14.4;
				MTL_ENABLE_DEBUG_INFO = NO;
				MTL_FAST_MATH = YES;
				SDKROOT = iphoneos;
				SWIFT_COMPILATION_MODE = wholemodule;
				SWIFT_OPTIMIZATION_LEVEL = "-O";
				VALIDATE_PRODUCT = YES;
			};
			name = Release;
		};
		15C71E1A262C8D14002DA846 /* Debug */ = {
			isa = XCBuildConfiguration;
			buildSettings = {
				ASSETCATALOG_COMPILER_APPICON_NAME = AppIcon;
				ASSETCATALOG_COMPILER_GLOBAL_ACCENT_COLOR_NAME = AccentColor;
				CODE_SIGN_STYLE = Automatic;
				DEVELOPMENT_TEAM = 4U3AXZAP38;
				INFOPLIST_FILE = Concentration/Info.plist;
				LD_RUNPATH_SEARCH_PATHS = (
					"$(inherited)",
					"@executable_path/Frameworks",
				);
				PRODUCT_BUNDLE_IDENTIFIER = MANTiS.Concentration;
				PRODUCT_NAME = "$(TARGET_NAME)";
				SWIFT_VERSION = 5.0;
				TARGETED_DEVICE_FAMILY = "1,2";
			};
			name = Debug;
		};
		15C71E1B262C8D14002DA846 /* Release */ = {
			isa = XCBuildConfiguration;
			buildSettings = {
				ASSETCATALOG_COMPILER_APPICON_NAME = AppIcon;
				ASSETCATALOG_COMPILER_GLOBAL_ACCENT_COLOR_NAME = AccentColor;
				CODE_SIGN_STYLE = Automatic;
				DEVELOPMENT_TEAM = 4U3AXZAP38;
				INFOPLIST_FILE = Concentration/Info.plist;
				LD_RUNPATH_SEARCH_PATHS = (
					"$(inherited)",
					"@executable_path/Frameworks",
				);
				PRODUCT_BUNDLE_IDENTIFIER = MANTiS.Concentration;
				PRODUCT_NAME = "$(TARGET_NAME)";
				SWIFT_VERSION = 5.0;
				TARGETED_DEVICE_FAMILY = "1,2";
			};
			name = Release;
		};
/* End XCBuildConfiguration section */

/* Begin XCConfigurationList section */
		15C71E00262C8D0F002DA846 /* Build configuration list for PBXProject "Concentration" */ = {
			isa = XCConfigurationList;
			buildConfigurations = (
				15C71E17262C8D14002DA846 /* Debug */,
				15C71E18262C8D14002DA846 /* Release */,
			);
			defaultConfigurationIsVisible = 0;
			defaultConfigurationName = Release;
		};
		15C71E19262C8D14002DA846 /* Build configuration list for PBXNativeTarget "Concentration" */ = {
			isa = XCConfigurationList;
			buildConfigurations = (
				15C71E1A262C8D14002DA846 /* Debug */,
				15C71E1B262C8D14002DA846 /* Release */,
			);
			defaultConfigurationIsVisible = 0;
			defaultConfigurationName = Release;
		};
/* End XCConfigurationList section */
	};
	rootObject = 15C71DFD262C8D0F002DA846 /* Project object */;
}
